
Microsoft Visual Studio Solution File, Format Version 12.00
# Visual Studio 14
VisualStudioVersion = 14.0.24720.0
MinimumVisualStudioVersion = 10.0.40219.1
Project("{FAE04EC0-301F-11D3-BF4B-00C04F79EFBC}") = "928.Core", "..\928 Interactive\928.core\928.Core.csproj", "{7FC3F8B5-96E0-4151-ADBC-45725EA1B87E}"
EndProject
Project("{FAE04EC0-301F-11D3-BF4B-00C04F79EFBC}") = "928.Web", "..\928 Interactive\928.web\928.Web.csproj", "{4EA624DF-1BD5-4655-8EB7-F9948145E671}"
EndProject
Project("{FAE04EC0-301F-11D3-BF4B-00C04F79EFBC}") = "KyleFinley.Models", "KyleFinley.Models\KyleFinley.Models.csproj", "{674246C4-67A2-42D6-BB0F-76D10A4EF285}"
EndProject
Project("{FAE04EC0-301F-11D3-BF4B-00C04F79EFBC}") = "KyleFinley.Commands", "KyleFinley.Commands\KyleFinley.Commands.csproj", "{94147B8F-7D31-4A81-ADA1-C5051F39FC58}"
EndProject
Project("{FAE04EC0-301F-11D3-BF4B-00C04F79EFBC}") = "KyleFinley.Data", "KyleFinley.Data\KyleFinley.Data.csproj", "{FCD63367-DCFB-40B2-AC7B-B65967FCFD48}"
EndProject
Project("{2150E333-8FDC-42A3-9474-1A3956D46DE8}") = ".nuget", ".nuget", "{B9FBB70F-481F-4BAA-8E07-9295D8BF99A9}"
	ProjectSection(SolutionItems) = preProject
		.nuget\NuGet.Config = .nuget\NuGet.Config
		.nuget\NuGet.exe = .nuget\NuGet.exe
	EndProjectSection
EndProject
Project("{2150E333-8FDC-42A3-9474-1A3956D46DE8}") = "928", "928", "{0622BBFA-E4B3-4B66-BB7D-E4CCD4C8B2AE}"
EndProject
Project("{FAE04EC0-301F-11D3-BF4B-00C04F79EFBC}") = "KyleFinley.Tests", "KyleFinley.Tests\KyleFinley.Tests.csproj", "{A80FC041-2BA7-48F7-B0C3-41B97BFF6B52}"
EndProject
Project("{FAE04EC0-301F-11D3-BF4B-00C04F79EFBC}") = "928.Commands", "..\928 Interactive\928.Commands\928.Commands.csproj", "{0FCD2E2A-CA33-46E0-8E51-8BDC9BEE1331}"
EndProject
Project("{FAE04EC0-301F-11D3-BF4B-00C04F79EFBC}") = "928.Data", "..\928 Interactive\928.Data\928.Data.csproj", "{BBBB6887-4B73-44A4-8E25-48E0E3E38A10}"
EndProject
Project("{FAE04EC0-301F-11D3-BF4B-00C04F79EFBC}") = "928.Entities", "..\928 Interactive\928.Entities\928.Entities.csproj", "{811F6DF1-9857-4BDA-92BE-A7556E52A86B}"
EndProject
Project("{FAE04EC0-301F-11D3-BF4B-00C04F79EFBC}") = "928.Security", "..\928 Interactive\928.Security\928.Security.csproj", "{947C74CE-1A20-48A1-AA31-1CEF1B8F1CA0}"
EndProject
Project("{FAE04EC0-301F-11D3-BF4B-00C04F79EFBC}") = "KyleFinley.Web", "KyleFinley.Web\KyleFinley.Web.csproj", "{491BFA2F-59B6-4882-A3C2-C553C3A739EA}"
EndProject
Project("{FAE04EC0-301F-11D3-BF4B-00C04F79EFBC}") = "928.UrlShortner", "..\928 Interactive\928.UrlShortner\928.UrlShortner.csproj", "{ACC5FB28-0564-4287-A741-D372DF33B609}"
EndProject
Project("{2150E333-8FDC-42A3-9474-1A3956D46DE8}") = "TypeMerger", "TypeMerger", "{B7F7F0D8-78DC-457E-B54A-F25303B0B28A}"
EndProject
Project("{FAE04EC0-301F-11D3-BF4B-00C04F79EFBC}") = "TypeMerger", "..\TypeMerger\TypeMerger\TypeMerger.csproj", "{14F10A3F-0BBC-4927-81D1-B01755798122}"
EndProject
Project("{FAE04EC0-301F-11D3-BF4B-00C04F79EFBC}") = "TypeMerger.Tests", "..\TypeMerger\TypeMerger.Tests\TypeMerger.Tests.csproj", "{D0C98172-72AF-4498-A69B-38766B8711F9}"
EndProject
Global
	GlobalSection(SolutionConfigurationPlatforms) = preSolution
		Debug|Any CPU = Debug|Any CPU
		DebugNoInternet|Any CPU = DebugNoInternet|Any CPU
		Debug-Remote_Server|Any CPU = Debug-Remote_Server|Any CPU
		NET45WP8|Any CPU = NET45WP8|Any CPU
		Release|Any CPU = Release|Any CPU
	EndGlobalSection
	GlobalSection(ProjectConfigurationPlatforms) = postSolution
		{7FC3F8B5-96E0-4151-ADBC-45725EA1B87E}.Debug|Any CPU.ActiveCfg = Debug|Any CPU
		{7FC3F8B5-96E0-4151-ADBC-45725EA1B87E}.Debug|Any CPU.Build.0 = Debug|Any CPU
		{7FC3F8B5-96E0-4151-ADBC-45725EA1B87E}.DebugNoInternet|Any CPU.ActiveCfg = DebugNoInternet|Any CPU
		{7FC3F8B5-96E0-4151-ADBC-45725EA1B87E}.DebugNoInternet|Any CPU.Build.0 = DebugNoInternet|Any CPU
		{7FC3F8B5-96E0-4151-ADBC-45725EA1B87E}.Debug-Remote_Server|Any CPU.ActiveCfg = Debug-Remote_Server|Any CPU
		{7FC3F8B5-96E0-4151-ADBC-45725EA1B87E}.Debug-Remote_Server|Any CPU.Build.0 = Debug-Remote_Server|Any CPU
		{7FC3F8B5-96E0-4151-ADBC-45725EA1B87E}.NET45WP8|Any CPU.ActiveCfg = Release|Any CPU
		{7FC3F8B5-96E0-4151-ADBC-45725EA1B87E}.NET45WP8|Any CPU.Build.0 = Release|Any CPU
		{7FC3F8B5-96E0-4151-ADBC-45725EA1B87E}.Release|Any CPU.ActiveCfg = Release|Any CPU
		{7FC3F8B5-96E0-4151-ADBC-45725EA1B87E}.Release|Any CPU.Build.0 = Release|Any CPU
		{4EA624DF-1BD5-4655-8EB7-F9948145E671}.Debug|Any CPU.ActiveCfg = Debug|Any CPU
		{4EA624DF-1BD5-4655-8EB7-F9948145E671}.Debug|Any CPU.Build.0 = Debug|Any CPU
		{4EA624DF-1BD5-4655-8EB7-F9948145E671}.DebugNoInternet|Any CPU.ActiveCfg = DebugNoInternet|Any CPU
		{4EA624DF-1BD5-4655-8EB7-F9948145E671}.DebugNoInternet|Any CPU.Build.0 = DebugNoInternet|Any CPU
		{4EA624DF-1BD5-4655-8EB7-F9948145E671}.Debug-Remote_Server|Any CPU.ActiveCfg = Debug-Remote_Server|Any CPU
		{4EA624DF-1BD5-4655-8EB7-F9948145E671}.Debug-Remote_Server|Any CPU.Build.0 = Debug-Remote_Server|Any CPU
		{4EA624DF-1BD5-4655-8EB7-F9948145E671}.NET45WP8|Any CPU.ActiveCfg = Release|Any CPU
		{4EA624DF-1BD5-4655-8EB7-F9948145E671}.NET45WP8|Any CPU.Build.0 = Release|Any CPU
		{4EA624DF-1BD5-4655-8EB7-F9948145E671}.Release|Any CPU.ActiveCfg = Release|Any CPU
		{4EA624DF-1BD5-4655-8EB7-F9948145E671}.Release|Any CPU.Build.0 = Release|Any CPU
		{674246C4-67A2-42D6-BB0F-76D10A4EF285}.Debug|Any CPU.ActiveCfg = Debug|Any CPU
		{674246C4-67A2-42D6-BB0F-76D10A4EF285}.Debug|Any CPU.Build.0 = Debug|Any CPU
		{674246C4-67A2-42D6-BB0F-76D10A4EF285}.DebugNoInternet|Any CPU.ActiveCfg = DebugNoInternet|Any CPU
		{674246C4-67A2-42D6-BB0F-76D10A4EF285}.DebugNoInternet|Any CPU.Build.0 = DebugNoInternet|Any CPU
		{674246C4-67A2-42D6-BB0F-76D10A4EF285}.Debug-Remote_Server|Any CPU.ActiveCfg = Debug-Remote_Server|Any CPU
		{674246C4-67A2-42D6-BB0F-76D10A4EF285}.Debug-Remote_Server|Any CPU.Build.0 = Debug-Remote_Server|Any CPU
		{674246C4-67A2-42D6-BB0F-76D10A4EF285}.NET45WP8|Any CPU.ActiveCfg = Release|Any CPU
		{674246C4-67A2-42D6-BB0F-76D10A4EF285}.NET45WP8|Any CPU.Build.0 = Release|Any CPU
		{674246C4-67A2-42D6-BB0F-76D10A4EF285}.Release|Any CPU.ActiveCfg = Release|Any CPU
		{674246C4-67A2-42D6-BB0F-76D10A4EF285}.Release|Any CPU.Build.0 = Release|Any CPU
		{94147B8F-7D31-4A81-ADA1-C5051F39FC58}.Debug|Any CPU.ActiveCfg = Debug|Any CPU
		{94147B8F-7D31-4A81-ADA1-C5051F39FC58}.Debug|Any CPU.Build.0 = Debug|Any CPU
		{94147B8F-7D31-4A81-ADA1-C5051F39FC58}.DebugNoInternet|Any CPU.ActiveCfg = DebugNoInternet|Any CPU
		{94147B8F-7D31-4A81-ADA1-C5051F39FC58}.DebugNoInternet|Any CPU.Build.0 = DebugNoInternet|Any CPU
		{94147B8F-7D31-4A81-ADA1-C5051F39FC58}.Debug-Remote_Server|Any CPU.ActiveCfg = Debug-Remote_Server|Any CPU
		{94147B8F-7D31-4A81-ADA1-C5051F39FC58}.Debug-Remote_Server|Any CPU.Build.0 = Debug-Remote_Server|Any CPU
		{94147B8F-7D31-4A81-ADA1-C5051F39FC58}.NET45WP8|Any CPU.ActiveCfg = Release|Any CPU
		{94147B8F-7D31-4A81-ADA1-C5051F39FC58}.NET45WP8|Any CPU.Build.0 = Release|Any CPU
		{94147B8F-7D31-4A81-ADA1-C5051F39FC58}.Release|Any CPU.ActiveCfg = Release|Any CPU
		{94147B8F-7D31-4A81-ADA1-C5051F39FC58}.Release|Any CPU.Build.0 = Release|Any CPU
		{FCD63367-DCFB-40B2-AC7B-B65967FCFD48}.Debug|Any CPU.ActiveCfg = Debug|Any CPU
		{FCD63367-DCFB-40B2-AC7B-B65967FCFD48}.Debug|Any CPU.Build.0 = Debug|Any CPU
		{FCD63367-DCFB-40B2-AC7B-B65967FCFD48}.DebugNoInternet|Any CPU.ActiveCfg = DebugNoInternet|Any CPU
		{FCD63367-DCFB-40B2-AC7B-B65967FCFD48}.DebugNoInternet|Any CPU.Build.0 = DebugNoInternet|Any CPU
		{FCD63367-DCFB-40B2-AC7B-B65967FCFD48}.Debug-Remote_Server|Any CPU.ActiveCfg = Debug-Remote_Server|Any CPU
		{FCD63367-DCFB-40B2-AC7B-B65967FCFD48}.Debug-Remote_Server|Any CPU.Build.0 = Debug-Remote_Server|Any CPU
		{FCD63367-DCFB-40B2-AC7B-B65967FCFD48}.NET45WP8|Any CPU.ActiveCfg = Release|Any CPU
		{FCD63367-DCFB-40B2-AC7B-B65967FCFD48}.NET45WP8|Any CPU.Build.0 = Release|Any CPU
		{FCD63367-DCFB-40B2-AC7B-B65967FCFD48}.Release|Any CPU.ActiveCfg = Release|Any CPU
		{FCD63367-DCFB-40B2-AC7B-B65967FCFD48}.Release|Any CPU.Build.0 = Release|Any CPU
		{A80FC041-2BA7-48F7-B0C3-41B97BFF6B52}.Debug|Any CPU.ActiveCfg = Debug|Any CPU
		{A80FC041-2BA7-48F7-B0C3-41B97BFF6B52}.Debug|Any CPU.Build.0 = Debug|Any CPU
		{A80FC041-2BA7-48F7-B0C3-41B97BFF6B52}.DebugNoInternet|Any CPU.ActiveCfg = Debug|Any CPU
		{A80FC041-2BA7-48F7-B0C3-41B97BFF6B52}.DebugNoInternet|Any CPU.Build.0 = Debug|Any CPU
		{A80FC041-2BA7-48F7-B0C3-41B97BFF6B52}.Debug-Remote_Server|Any CPU.ActiveCfg = Debug-Remote_Server|Any CPU
		{A80FC041-2BA7-48F7-B0C3-41B97BFF6B52}.Debug-Remote_Server|Any CPU.Build.0 = Debug-Remote_Server|Any CPU
		{A80FC041-2BA7-48F7-B0C3-41B97BFF6B52}.NET45WP8|Any CPU.ActiveCfg = Release|Any CPU
		{A80FC041-2BA7-48F7-B0C3-41B97BFF6B52}.NET45WP8|Any CPU.Build.0 = Release|Any CPU
		{A80FC041-2BA7-48F7-B0C3-41B97BFF6B52}.Release|Any CPU.ActiveCfg = Release|Any CPU
		{A80FC041-2BA7-48F7-B0C3-41B97BFF6B52}.Release|Any CPU.Build.0 = Release|Any CPU
		{0FCD2E2A-CA33-46E0-8E51-8BDC9BEE1331}.Debug|Any CPU.ActiveCfg = Debug|Any CPU
		{0FCD2E2A-CA33-46E0-8E51-8BDC9BEE1331}.Debug|Any CPU.Build.0 = Debug|Any CPU
		{0FCD2E2A-CA33-46E0-8E51-8BDC9BEE1331}.DebugNoInternet|Any CPU.ActiveCfg = Debug|Any CPU
		{0FCD2E2A-CA33-46E0-8E51-8BDC9BEE1331}.DebugNoInternet|Any CPU.Build.0 = Debug|Any CPU
		{0FCD2E2A-CA33-46E0-8E51-8BDC9BEE1331}.Debug-Remote_Server|Any CPU.ActiveCfg = Debug-Remote_Server|Any CPU
		{0FCD2E2A-CA33-46E0-8E51-8BDC9BEE1331}.Debug-Remote_Server|Any CPU.Build.0 = Debug-Remote_Server|Any CPU
		{0FCD2E2A-CA33-46E0-8E51-8BDC9BEE1331}.NET45WP8|Any CPU.ActiveCfg = Release|Any CPU
		{0FCD2E2A-CA33-46E0-8E51-8BDC9BEE1331}.NET45WP8|Any CPU.Build.0 = Release|Any CPU
		{0FCD2E2A-CA33-46E0-8E51-8BDC9BEE1331}.Release|Any CPU.ActiveCfg = Release|Any CPU
		{0FCD2E2A-CA33-46E0-8E51-8BDC9BEE1331}.Release|Any CPU.Build.0 = Release|Any CPU
		{BBBB6887-4B73-44A4-8E25-48E0E3E38A10}.Debug|Any CPU.ActiveCfg = Debug|Any CPU
		{BBBB6887-4B73-44A4-8E25-48E0E3E38A10}.Debug|Any CPU.Build.0 = Debug|Any CPU
		{BBBB6887-4B73-44A4-8E25-48E0E3E38A10}.DebugNoInternet|Any CPU.ActiveCfg = Debug|Any CPU
		{BBBB6887-4B73-44A4-8E25-48E0E3E38A10}.DebugNoInternet|Any CPU.Build.0 = Debug|Any CPU
		{BBBB6887-4B73-44A4-8E25-48E0E3E38A10}.Debug-Remote_Server|Any CPU.ActiveCfg = Debug-Remote_Server|Any CPU
		{BBBB6887-4B73-44A4-8E25-48E0E3E38A10}.Debug-Remote_Server|Any CPU.Build.0 = Debug-Remote_Server|Any CPU
		{BBBB6887-4B73-44A4-8E25-48E0E3E38A10}.NET45WP8|Any CPU.ActiveCfg = Release|Any CPU
		{BBBB6887-4B73-44A4-8E25-48E0E3E38A10}.NET45WP8|Any CPU.Build.0 = Release|Any CPU
		{BBBB6887-4B73-44A4-8E25-48E0E3E38A10}.Release|Any CPU.ActiveCfg = Release|Any CPU
		{BBBB6887-4B73-44A4-8E25-48E0E3E38A10}.Release|Any CPU.Build.0 = Release|Any CPU
		{811F6DF1-9857-4BDA-92BE-A7556E52A86B}.Debug|Any CPU.ActiveCfg = Debug|Any CPU
		{811F6DF1-9857-4BDA-92BE-A7556E52A86B}.Debug|Any CPU.Build.0 = Debug|Any CPU
		{811F6DF1-9857-4BDA-92BE-A7556E52A86B}.DebugNoInternet|Any CPU.ActiveCfg = Debug|Any CPU
		{811F6DF1-9857-4BDA-92BE-A7556E52A86B}.DebugNoInternet|Any CPU.Build.0 = Debug|Any CPU
		{811F6DF1-9857-4BDA-92BE-A7556E52A86B}.Debug-Remote_Server|Any CPU.ActiveCfg = Debug-Remote_Server|Any CPU
		{811F6DF1-9857-4BDA-92BE-A7556E52A86B}.Debug-Remote_Server|Any CPU.Build.0 = Debug-Remote_Server|Any CPU
		{811F6DF1-9857-4BDA-92BE-A7556E52A86B}.NET45WP8|Any CPU.ActiveCfg = Release|Any CPU
		{811F6DF1-9857-4BDA-92BE-A7556E52A86B}.NET45WP8|Any CPU.Build.0 = Release|Any CPU
		{811F6DF1-9857-4BDA-92BE-A7556E52A86B}.Release|Any CPU.ActiveCfg = Release|Any CPU
		{811F6DF1-9857-4BDA-92BE-A7556E52A86B}.Release|Any CPU.Build.0 = Release|Any CPU
		{947C74CE-1A20-48A1-AA31-1CEF1B8F1CA0}.Debug|Any CPU.ActiveCfg = Debug|Any CPU
		{947C74CE-1A20-48A1-AA31-1CEF1B8F1CA0}.Debug|Any CPU.Build.0 = Debug|Any CPU
		{947C74CE-1A20-48A1-AA31-1CEF1B8F1CA0}.DebugNoInternet|Any CPU.ActiveCfg = Debug|Any CPU
		{947C74CE-1A20-48A1-AA31-1CEF1B8F1CA0}.DebugNoInternet|Any CPU.Build.0 = Debug|Any CPU
		{947C74CE-1A20-48A1-AA31-1CEF1B8F1CA0}.Debug-Remote_Server|Any CPU.ActiveCfg = Debug-Remote_Server|Any CPU
		{947C74CE-1A20-48A1-AA31-1CEF1B8F1CA0}.Debug-Remote_Server|Any CPU.Build.0 = Debug-Remote_Server|Any CPU
		{947C74CE-1A20-48A1-AA31-1CEF1B8F1CA0}.NET45WP8|Any CPU.ActiveCfg = Release|Any CPU
		{947C74CE-1A20-48A1-AA31-1CEF1B8F1CA0}.NET45WP8|Any CPU.Build.0 = Release|Any CPU
		{947C74CE-1A20-48A1-AA31-1CEF1B8F1CA0}.Release|Any CPU.ActiveCfg = Release|Any CPU
		{947C74CE-1A20-48A1-AA31-1CEF1B8F1CA0}.Release|Any CPU.Build.0 = Release|Any CPU
		{491BFA2F-59B6-4882-A3C2-C553C3A739EA}.Debug|Any CPU.ActiveCfg = Debug|Any CPU
		{491BFA2F-59B6-4882-A3C2-C553C3A739EA}.Debug|Any CPU.Build.0 = Debug|Any CPU
		{491BFA2F-59B6-4882-A3C2-C553C3A739EA}.DebugNoInternet|Any CPU.ActiveCfg = Debug|Any CPU
		{491BFA2F-59B6-4882-A3C2-C553C3A739EA}.DebugNoInternet|Any CPU.Build.0 = Debug|Any CPU
		{491BFA2F-59B6-4882-A3C2-C553C3A739EA}.Debug-Remote_Server|Any CPU.ActiveCfg = Debug-Remote_Server|Any CPU
		{491BFA2F-59B6-4882-A3C2-C553C3A739EA}.Debug-Remote_Server|Any CPU.Build.0 = Debug-Remote_Server|Any CPU
		{491BFA2F-59B6-4882-A3C2-C553C3A739EA}.NET45WP8|Any CPU.ActiveCfg = Release|Any CPU
		{491BFA2F-59B6-4882-A3C2-C553C3A739EA}.NET45WP8|Any CPU.Build.0 = Release|Any CPU
		{491BFA2F-59B6-4882-A3C2-C553C3A739EA}.Release|Any CPU.ActiveCfg = Release|Any CPU
		{491BFA2F-59B6-4882-A3C2-C553C3A739EA}.Release|Any CPU.Build.0 = Release|Any CPU
		{ACC5FB28-0564-4287-A741-D372DF33B609}.Debug|Any CPU.ActiveCfg = Debug|Any CPU
		{ACC5FB28-0564-4287-A741-D372DF33B609}.Debug|Any CPU.Build.0 = Debug|Any CPU
		{ACC5FB28-0564-4287-A741-D372DF33B609}.DebugNoInternet|Any CPU.ActiveCfg = DebugNoInternet|Any CPU
		{ACC5FB28-0564-4287-A741-D372DF33B609}.DebugNoInternet|Any CPU.Build.0 = DebugNoInternet|Any CPU
		{ACC5FB28-0564-4287-A741-D372DF33B609}.Debug-Remote_Server|Any CPU.ActiveCfg = Debug-Remote_Server|Any CPU
		{ACC5FB28-0564-4287-A741-D372DF33B609}.Debug-Remote_Server|Any CPU.Build.0 = Debug-Remote_Server|Any CPU
		{ACC5FB28-0564-4287-A741-D372DF33B609}.NET45WP8|Any CPU.ActiveCfg = Release|Any CPU
		{ACC5FB28-0564-4287-A741-D372DF33B609}.NET45WP8|Any CPU.Build.0 = Release|Any CPU
		{ACC5FB28-0564-4287-A741-D372DF33B609}.Release|Any CPU.ActiveCfg = Release|Any CPU
		{ACC5FB28-0564-4287-A741-D372DF33B609}.Release|Any CPU.Build.0 = Release|Any CPU
		{14F10A3F-0BBC-4927-81D1-B01755798122}.Debug|Any CPU.ActiveCfg = Debug|Any CPU
		{14F10A3F-0BBC-4927-81D1-B01755798122}.Debug|Any CPU.Build.0 = Debug|Any CPU
		{14F10A3F-0BBC-4927-81D1-B01755798122}.DebugNoInternet|Any CPU.ActiveCfg = Debug|Any CPU
		{14F10A3F-0BBC-4927-81D1-B01755798122}.DebugNoInternet|Any CPU.Build.0 = Debug|Any CPU
		{14F10A3F-0BBC-4927-81D1-B01755798122}.Debug-Remote_Server|Any CPU.ActiveCfg = Debug-Remote_Server|Any CPU
		{14F10A3F-0BBC-4927-81D1-B01755798122}.Debug-Remote_Server|Any CPU.Build.0 = Debug-Remote_Server|Any CPU
		{14F10A3F-0BBC-4927-81D1-B01755798122}.NET45WP8|Any CPU.ActiveCfg = Release|Any CPU
		{14F10A3F-0BBC-4927-81D1-B01755798122}.NET45WP8|Any CPU.Build.0 = Release|Any CPU
		{14F10A3F-0BBC-4927-81D1-B01755798122}.Release|Any CPU.ActiveCfg = Release|Any CPU
		{14F10A3F-0BBC-4927-81D1-B01755798122}.Release|Any CPU.Build.0 = Release|Any CPU
		{D0C98172-72AF-4498-A69B-38766B8711F9}.Debug|Any CPU.ActiveCfg = Debug|Any CPU
		{D0C98172-72AF-4498-A69B-38766B8711F9}.Debug|Any CPU.Build.0 = Debug|Any CPU
		{D0C98172-72AF-4498-A69B-38766B8711F9}.DebugNoInternet|Any CPU.ActiveCfg = Debug|Any CPU
		{D0C98172-72AF-4498-A69B-38766B8711F9}.DebugNoInternet|Any CPU.Build.0 = Debug|Any CPU
		{D0C98172-72AF-4498-A69B-38766B8711F9}.Debug-Remote_Server|Any CPU.ActiveCfg = Debug-Remote_Server|Any CPU
		{D0C98172-72AF-4498-A69B-38766B8711F9}.Debug-Remote_Server|Any CPU.Build.0 = Debug-Remote_Server|Any CPU
		{D0C98172-72AF-4498-A69B-38766B8711F9}.NET45WP8|Any CPU.ActiveCfg = Release|Any CPU
		{D0C98172-72AF-4498-A69B-38766B8711F9}.NET45WP8|Any CPU.Build.0 = Release|Any CPU
		{D0C98172-72AF-4498-A69B-38766B8711F9}.Release|Any CPU.ActiveCfg = Release|Any CPU
		{D0C98172-72AF-4498-A69B-38766B8711F9}.Release|Any CPU.Build.0 = Release|Any CPU
	EndGlobalSection
	GlobalSection(SolutionProperties) = preSolution
		HideSolutionNode = FALSE
	EndGlobalSection
	GlobalSection(NestedProjects) = preSolution
		{7FC3F8B5-96E0-4151-ADBC-45725EA1B87E} = {0622BBFA-E4B3-4B66-BB7D-E4CCD4C8B2AE}
		{4EA624DF-1BD5-4655-8EB7-F9948145E671} = {0622BBFA-E4B3-4B66-BB7D-E4CCD4C8B2AE}
		{0FCD2E2A-CA33-46E0-8E51-8BDC9BEE1331} = {0622BBFA-E4B3-4B66-BB7D-E4CCD4C8B2AE}
		{BBBB6887-4B73-44A4-8E25-48E0E3E38A10} = {0622BBFA-E4B3-4B66-BB7D-E4CCD4C8B2AE}
		{811F6DF1-9857-4BDA-92BE-A7556E52A86B} = {0622BBFA-E4B3-4B66-BB7D-E4CCD4C8B2AE}
		{947C74CE-1A20-48A1-AA31-1CEF1B8F1CA0} = {0622BBFA-E4B3-4B66-BB7D-E4CCD4C8B2AE}
		{ACC5FB28-0564-4287-A741-D372DF33B609} = {0622BBFA-E4B3-4B66-BB7D-E4CCD4C8B2AE}
		{14F10A3F-0BBC-4927-81D1-B01755798122} = {B7F7F0D8-78DC-457E-B54A-F25303B0B28A}
		{D0C98172-72AF-4498-A69B-38766B8711F9} = {B7F7F0D8-78DC-457E-B54A-F25303B0B28A}
	EndGlobalSection
EndGlobal
